
Microsoft Visual Studio Solution File, Format Version 12.00
# Visual Studio 14
VisualStudioVersion = 14.0.24720.0
MinimumVisualStudioVersion = 10.0.40219.1
Project("{FAE04EC0-301F-11D3-BF4B-00C04F79EFBC}") = "T1", "Demo06\T1.csproj", "{D7C52C6F-1536-4889-A4F0-E8AD51784BCE}"
EndProject
Project("{FAE04EC0-301F-11D3-BF4B-00C04F79EFBC}") = "T2", "T2\T2.csproj", "{DE02EBD3-7996-4BA0-A917-0BB37CBE7E86}"
EndProject
Global
	GlobalSection(SolutionConfigurationPlatforms) = preSolution
		Debug|Any CPU = Debug|Any CPU
		Release|Any CPU = Release|Any CPU
	EndGlobalSection
	GlobalSection(ProjectConfigurationPlatforms) = postSolution
		{D7C52C6F-1536-4889-A4F0-E8AD51784BCE}.Debug|Any CPU.ActiveCfg = Debug|Any CPU
		{D7C52C6F-1536-4889-A4F0-E8AD51784BCE}.Debug|Any CPU.Build.0 = Debug|Any CPU
		{D7C52C6F-1536-4889-A4F0-E8AD51784BCE}.Release|Any CPU.ActiveCfg = Release|Any CPU
		{D7C52C6F-1536-4889-A4F0-E8AD51784BCE}.Release|Any CPU.Build.0 = Release|Any CPU
		{DE02EBD3-7996-4BA0-A917-0BB37CBE7E86}.Debug|Any CPU.ActiveCfg = Debug|Any CPU
		{DE02EBD3-7996-4BA0-A917-0BB37CBE7E86}.Debug|Any CPU.Build.0 = Debug|Any CPU
		{DE02EBD3-7996-4BA0-A917-0BB37CBE7E86}.Release|Any CPU.ActiveCfg = Release|Any CPU
		{DE02EBD3-7996-4BA0-A917-0BB37CBE7E86}.Release|Any CPU.Build.0 = Release|Any CPU
	EndGlobalSection
	GlobalSection(SolutionProperties) = preSolution
		HideSolutionNode = FALSE
	EndGlobalSection
EndGlobal
